
Microsoft Visual Studio Solution File, Format Version 12.00
# Visual Studio Version 17
VisualStudioVersion = 17.10.34928.147
MinimumVisualStudioVersion = 10.0.40219.1
Project("{8BC9CEB8-8B4A-11D0-8D11-00A0C91BC942}") = "Heap", "Heap\Heap.vcxproj", "{072E1CF5-095C-44FE-B7D2-6C8E21A3E739}"
EndProject
Project("{8BC9CEB8-8B4A-11D0-8D11-00A0C91BC942}") = "LeftHeap", "LeftHeap\LeftHeap.vcxproj", "{D40056F2-1485-4E7F-B2E4-20E6817A513E}"
EndProject
Project("{8BC9CEB8-8B4A-11D0-8D11-00A0C91BC942}") = "BinomialQueue", "BinomialQueue\BinomialQueue.vcxproj", "{3F84267E-57A4-44A4-9509-DC0832D84751}"
EndProject
Global
	GlobalSection(SolutionConfigurationPlatforms) = preSolution
		Debug|x64 = Debug|x64
		Debug|x86 = Debug|x86
		Release|x64 = Release|x64
		Release|x86 = Release|x86
	EndGlobalSection
	GlobalSection(ProjectConfigurationPlatforms) = postSolution
		{072E1CF5-095C-44FE-B7D2-6C8E21A3E739}.Debug|x64.ActiveCfg = Debug|x64
		{072E1CF5-095C-44FE-B7D2-6C8E21A3E739}.Debug|x64.Build.0 = Debug|x64
		{072E1CF5-095C-44FE-B7D2-6C8E21A3E739}.Debug|x86.ActiveCfg = Debug|Win32
		{072E1CF5-095C-44FE-B7D2-6C8E21A3E739}.Debug|x86.Build.0 = Debug|Win32
		{072E1CF5-095C-44FE-B7D2-6C8E21A3E739}.Release|x64.ActiveCfg = Release|x64
		{072E1CF5-095C-44FE-B7D2-6C8E21A3E739}.Release|x64.Build.0 = Release|x64
		{072E1CF5-095C-44FE-B7D2-6C8E21A3E739}.Release|x86.ActiveCfg = Release|Win32
		{072E1CF5-095C-44FE-B7D2-6C8E21A3E739}.Release|x86.Build.0 = Release|Win32
		{D40056F2-1485-4E7F-B2E4-20E6817A513E}.Debug|x64.ActiveCfg = Debug|x64
		{D40056F2-1485-4E7F-B2E4-20E6817A513E}.Debug|x64.Build.0 = Debug|x64
		{D40056F2-1485-4E7F-B2E4-20E6817A513E}.Debug|x86.ActiveCfg = Debug|Win32
		{D40056F2-1485-4E7F-B2E4-20E6817A513E}.Debug|x86.Build.0 = Debug|Win32
		{D40056F2-1485-4E7F-B2E4-20E6817A513E}.Release|x64.ActiveCfg = Release|x64
		{D40056F2-1485-4E7F-B2E4-20E6817A513E}.Release|x64.Build.0 = Release|x64
		{D40056F2-1485-4E7F-B2E4-20E6817A513E}.Release|x86.ActiveCfg = Release|Win32
		{D40056F2-1485-4E7F-B2E4-20E6817A513E}.Release|x86.Build.0 = Release|Win32
		{3F84267E-57A4-44A4-9509-DC0832D84751}.Debug|x64.ActiveCfg = Debug|x64
		{3F84267E-57A4-44A4-9509-DC0832D84751}.Debug|x64.Build.0 = Debug|x64
		{3F84267E-57A4-44A4-9509-DC0832D84751}.Debug|x86.ActiveCfg = Debug|Win32
		{3F84267E-57A4-44A4-9509-DC0832D84751}.Debug|x86.Build.0 = Debug|Win32
		{3F84267E-57A4-44A4-9509-DC0832D84751}.Release|x64.ActiveCfg = Release|x64
		{3F84267E-57A4-44A4-9509-DC0832D84751}.Release|x64.Build.0 = Release|x64
		{3F84267E-57A4-44A4-9509-DC0832D84751}.Release|x86.ActiveCfg = Release|Win32
		{3F84267E-57A4-44A4-9509-DC0832D84751}.Release|x86.Build.0 = Release|Win32
	EndGlobalSection
	GlobalSection(SolutionProperties) = preSolution
		HideSolutionNode = FALSE
	EndGlobalSection
	GlobalSection(ExtensibilityGlobals) = postSolution
		SolutionGuid = {AEA324CF-A0B5-4376-87E2-94A5FBCC7C2B}
	EndGlobalSection
EndGlobal
