
Microsoft Visual Studio Solution File, Format Version 12.00
# Visual Studio Version 17
VisualStudioVersion = 17.10.34928.147
MinimumVisualStudioVersion = 10.0.40219.1
Project("{8BC9CEB8-8B4A-11D0-8D11-00A0C91BC942}") = "Split Linked Hash Tables", "Split Linked Hash Tables\Split Linked Hash Tables.vcxproj", "{AE555112-9D78-4FD5-A216-72D4FDEC9DCE}"
EndProject
Project("{8BC9CEB8-8B4A-11D0-8D11-00A0C91BC942}") = "Square Probing Hash Table", "Square Probing Hash Table\Square Probing Hash Table.vcxproj", "{3BF0A855-6BE0-4A23-AC34-6CBF664F287F}"
EndProject
Global
	GlobalSection(SolutionConfigurationPlatforms) = preSolution
		Debug|x64 = Debug|x64
		Debug|x86 = Debug|x86
		Release|x64 = Release|x64
		Release|x86 = Release|x86
	EndGlobalSection
	GlobalSection(ProjectConfigurationPlatforms) = postSolution
		{AE555112-9D78-4FD5-A216-72D4FDEC9DCE}.Debug|x64.ActiveCfg = Debug|x64
		{AE555112-9D78-4FD5-A216-72D4FDEC9DCE}.Debug|x64.Build.0 = Debug|x64
		{AE555112-9D78-4FD5-A216-72D4FDEC9DCE}.Debug|x86.ActiveCfg = Debug|Win32
		{AE555112-9D78-4FD5-A216-72D4FDEC9DCE}.Debug|x86.Build.0 = Debug|Win32
		{AE555112-9D78-4FD5-A216-72D4FDEC9DCE}.Release|x64.ActiveCfg = Release|x64
		{AE555112-9D78-4FD5-A216-72D4FDEC9DCE}.Release|x64.Build.0 = Release|x64
		{AE555112-9D78-4FD5-A216-72D4FDEC9DCE}.Release|x86.ActiveCfg = Release|Win32
		{AE555112-9D78-4FD5-A216-72D4FDEC9DCE}.Release|x86.Build.0 = Release|Win32
		{3BF0A855-6BE0-4A23-AC34-6CBF664F287F}.Debug|x64.ActiveCfg = Debug|x64
		{3BF0A855-6BE0-4A23-AC34-6CBF664F287F}.Debug|x64.Build.0 = Debug|x64
		{3BF0A855-6BE0-4A23-AC34-6CBF664F287F}.Debug|x86.ActiveCfg = Debug|Win32
		{3BF0A855-6BE0-4A23-AC34-6CBF664F287F}.Debug|x86.Build.0 = Debug|Win32
		{3BF0A855-6BE0-4A23-AC34-6CBF664F287F}.Release|x64.ActiveCfg = Release|x64
		{3BF0A855-6BE0-4A23-AC34-6CBF664F287F}.Release|x64.Build.0 = Release|x64
		{3BF0A855-6BE0-4A23-AC34-6CBF664F287F}.Release|x86.ActiveCfg = Release|Win32
		{3BF0A855-6BE0-4A23-AC34-6CBF664F287F}.Release|x86.Build.0 = Release|Win32
	EndGlobalSection
	GlobalSection(SolutionProperties) = preSolution
		HideSolutionNode = FALSE
	EndGlobalSection
	GlobalSection(ExtensibilityGlobals) = postSolution
		SolutionGuid = {64F3A76C-7CAE-4311-B49E-6B8800E77199}
	EndGlobalSection
EndGlobal
